// !$*UTF8*$!
{
	archiveVersion = 1;
	classes = {
	};
	objectVersion = 56;
	objects = {

/* Begin PBXBuildFile section */
		6B5316872A6948CA00040AC4 /* AppDelegate.swift in Sources */ = {isa = PBXBuildFile; fileRef = 6B5316862A6948CA00040AC4 /* AppDelegate.swift */; };
		6B5316892A6948CA00040AC4 /* SceneDelegate.swift in Sources */ = {isa = PBXBuildFile; fileRef = 6B5316882A6948CA00040AC4 /* SceneDelegate.swift */; };
		6B53168B2A6948CA00040AC4 /* ViewController.swift in Sources */ = {isa = PBXBuildFile; fileRef = 6B53168A2A6948CA00040AC4 /* ViewController.swift */; };
		6B53168E2A6948CA00040AC4 /* Main.storyboard in Resources */ = {isa = PBXBuildFile; fileRef = 6B53168C2A6948CA00040AC4 /* Main.storyboard */; };
		6B5316912A6948CA00040AC4 /* iPokemony.xcdatamodeld in Sources */ = {isa = PBXBuildFile; fileRef = 6B53168F2A6948CA00040AC4 /* iPokemony.xcdatamodeld */; };
		6B5316932A6948CB00040AC4 /* Assets.xcassets in Resources */ = {isa = PBXBuildFile; fileRef = 6B5316922A6948CB00040AC4 /* Assets.xcassets */; };
		6B5316962A6948CB00040AC4 /* LaunchScreen.storyboard in Resources */ = {isa = PBXBuildFile; fileRef = 6B5316942A6948CB00040AC4 /* LaunchScreen.storyboard */; };
		6B5316A12A6948CB00040AC4 /* iPokemonyTests.swift in Sources */ = {isa = PBXBuildFile; fileRef = 6B5316A02A6948CB00040AC4 /* iPokemonyTests.swift */; };
		6B5316AB2A6948CB00040AC4 /* iPokemonyUITests.swift in Sources */ = {isa = PBXBuildFile; fileRef = 6B5316AA2A6948CB00040AC4 /* iPokemonyUITests.swift */; };
		6B5316AD2A6948CB00040AC4 /* iPokemonyUITestsLaunchTests.swift in Sources */ = {isa = PBXBuildFile; fileRef = 6B5316AC2A6948CB00040AC4 /* iPokemonyUITestsLaunchTests.swift */; };
		6B5316BF2A6E92A800040AC4 /* UIImageView + Extension.swift in Sources */ = {isa = PBXBuildFile; fileRef = 6B5316BE2A6E92A800040AC4 /* UIImageView + Extension.swift */; };
		6B5316C72A77F0BF00040AC4 /* EndPointType.swift in Sources */ = {isa = PBXBuildFile; fileRef = 6B5316C62A77F0BF00040AC4 /* EndPointType.swift */; };
/* End PBXBuildFile section */

/* Begin PBXContainerItemProxy section */
		6B53169D2A6948CB00040AC4 /* PBXContainerItemProxy */ = {
			isa = PBXContainerItemProxy;
			containerPortal = 6B53167B2A6948CA00040AC4 /* Project object */;
			proxyType = 1;
			remoteGlobalIDString = 6B5316822A6948CA00040AC4;
			remoteInfo = iPokemony;
		};
		6B5316A72A6948CB00040AC4 /* PBXContainerItemProxy */ = {
			isa = PBXContainerItemProxy;
			containerPortal = 6B53167B2A6948CA00040AC4 /* Project object */;
			proxyType = 1;
			remoteGlobalIDString = 6B5316822A6948CA00040AC4;
			remoteInfo = iPokemony;
		};
/* End PBXContainerItemProxy section */

/* Begin PBXFileReference section */
		6B5316832A6948CA00040AC4 /* iPokemony.app */ = {isa = PBXFileReference; explicitFileType = wrapper.application; includeInIndex = 0; path = iPokemony.app; sourceTree = BUILT_PRODUCTS_DIR; };
		6B5316862A6948CA00040AC4 /* AppDelegate.swift */ = {isa = PBXFileReference; lastKnownFileType = sourcecode.swift; path = AppDelegate.swift; sourceTree = "<group>"; };
		6B5316882A6948CA00040AC4 /* SceneDelegate.swift */ = {isa = PBXFileReference; lastKnownFileType = sourcecode.swift; path = SceneDelegate.swift; sourceTree = "<group>"; };
		6B53168A2A6948CA00040AC4 /* ViewController.swift */ = {isa = PBXFileReference; lastKnownFileType = sourcecode.swift; path = ViewController.swift; sourceTree = "<group>"; };
		6B53168D2A6948CA00040AC4 /* Base */ = {isa = PBXFileReference; lastKnownFileType = file.storyboard; name = Base; path = Base.lproj/Main.storyboard; sourceTree = "<group>"; };
		6B5316902A6948CA00040AC4 /* iPokemony.xcdatamodel */ = {isa = PBXFileReference; lastKnownFileType = wrapper.xcdatamodel; path = iPokemony.xcdatamodel; sourceTree = "<group>"; };
		6B5316922A6948CB00040AC4 /* Assets.xcassets */ = {isa = PBXFileReference; lastKnownFileType = folder.assetcatalog; path = Assets.xcassets; sourceTree = "<group>"; };
		6B5316952A6948CB00040AC4 /* Base */ = {isa = PBXFileReference; lastKnownFileType = file.storyboard; name = Base; path = Base.lproj/LaunchScreen.storyboard; sourceTree = "<group>"; };
		6B5316972A6948CB00040AC4 /* Info.plist */ = {isa = PBXFileReference; lastKnownFileType = text.plist.xml; path = Info.plist; sourceTree = "<group>"; };
		6B53169C2A6948CB00040AC4 /* iPokemonyTests.xctest */ = {isa = PBXFileReference; explicitFileType = wrapper.cfbundle; includeInIndex = 0; path = iPokemonyTests.xctest; sourceTree = BUILT_PRODUCTS_DIR; };
		6B5316A02A6948CB00040AC4 /* iPokemonyTests.swift */ = {isa = PBXFileReference; lastKnownFileType = sourcecode.swift; path = iPokemonyTests.swift; sourceTree = "<group>"; };
		6B5316A62A6948CB00040AC4 /* iPokemonyUITests.xctest */ = {isa = PBXFileReference; explicitFileType = wrapper.cfbundle; includeInIndex = 0; path = iPokemonyUITests.xctest; sourceTree = BUILT_PRODUCTS_DIR; };
		6B5316AA2A6948CB00040AC4 /* iPokemonyUITests.swift */ = {isa = PBXFileReference; lastKnownFileType = sourcecode.swift; path = iPokemonyUITests.swift; sourceTree = "<group>"; };
		6B5316AC2A6948CB00040AC4 /* iPokemonyUITestsLaunchTests.swift */ = {isa = PBXFileReference; lastKnownFileType = sourcecode.swift; path = iPokemonyUITestsLaunchTests.swift; sourceTree = "<group>"; };
		6B5316BE2A6E92A800040AC4 /* UIImageView + Extension.swift */ = {isa = PBXFileReference; lastKnownFileType = sourcecode.swift; path = "UIImageView + Extension.swift"; sourceTree = "<group>"; };
		6B5316C62A77F0BF00040AC4 /* EndPointType.swift */ = {isa = PBXFileReference; lastKnownFileType = sourcecode.swift; path = EndPointType.swift; sourceTree = "<group>"; };
/* End PBXFileReference section */

/* Begin PBXFrameworksBuildPhase section */
		6B5316802A6948CA00040AC4 /* Frameworks */ = {
			isa = PBXFrameworksBuildPhase;
			buildActionMask = 2147483647;
			files = (
			);
			runOnlyForDeploymentPostprocessing = 0;
		};
		6B5316992A6948CB00040AC4 /* Frameworks */ = {
			isa = PBXFrameworksBuildPhase;
			buildActionMask = 2147483647;
			files = (
			);
			runOnlyForDeploymentPostprocessing = 0;
		};
		6B5316A32A6948CB00040AC4 /* Frameworks */ = {
			isa = PBXFrameworksBuildPhase;
			buildActionMask = 2147483647;
			files = (
			);
			runOnlyForDeploymentPostprocessing = 0;
		};
/* End PBXFrameworksBuildPhase section */

/* Begin PBXGroup section */
		6B53167A2A6948CA00040AC4 = {
			isa = PBXGroup;
			children = (
				6B5316852A6948CA00040AC4 /* iPokemony */,
				6B53169F2A6948CB00040AC4 /* iPokemonyTests */,
				6B5316A92A6948CB00040AC4 /* iPokemonyUITests */,
				6B5316842A6948CA00040AC4 /* Products */,
			);
			sourceTree = "<group>";
		};
		6B5316842A6948CA00040AC4 /* Products */ = {
			isa = PBXGroup;
			children = (
				6B5316832A6948CA00040AC4 /* iPokemony.app */,
				6B53169C2A6948CB00040AC4 /* iPokemonyTests.xctest */,
				6B5316A62A6948CB00040AC4 /* iPokemonyUITests.xctest */,
			);
			name = Products;
			sourceTree = "<group>";
		};
		6B5316852A6948CA00040AC4 /* iPokemony */ = {
			isa = PBXGroup;
			children = (
				6B5316C42A73C9FE00040AC4 /* Helper */,
				6B5316C22A726C9B00040AC4 /* Screen */,
				6B5316C12A71C39400040AC4 /* Utility */,
				6B5316BB2A6E927400040AC4 /* Extension */,
				6B5316BA2A69492C00040AC4 /* Application */,
				6B5316B92A69490C00040AC4 /* Storyboard */,
				6B5316C02A6FE18D00040AC4 /* Constant */,
				6B53168A2A6948CA00040AC4 /* ViewController.swift */,
				6B5316922A6948CB00040AC4 /* Assets.xcassets */,
				6B5316972A6948CB00040AC4 /* Info.plist */,
				6B53168F2A6948CA00040AC4 /* iPokemony.xcdatamodeld */,
			);
			path = iPokemony;
			sourceTree = "<group>";
		};
		6B53169F2A6948CB00040AC4 /* iPokemonyTests */ = {
			isa = PBXGroup;
			children = (
				6B5316A02A6948CB00040AC4 /* iPokemonyTests.swift */,
			);
			path = iPokemonyTests;
			sourceTree = "<group>";
		};
		6B5316A92A6948CB00040AC4 /* iPokemonyUITests */ = {
			isa = PBXGroup;
			children = (
				6B5316AA2A6948CB00040AC4 /* iPokemonyUITests.swift */,
				6B5316AC2A6948CB00040AC4 /* iPokemonyUITestsLaunchTests.swift */,
			);
			path = iPokemonyUITests;
			sourceTree = "<group>";
		};
		6B5316B92A69490C00040AC4 /* Storyboard */ = {
			isa = PBXGroup;
			children = (
				6B53168C2A6948CA00040AC4 /* Main.storyboard */,
				6B5316942A6948CB00040AC4 /* LaunchScreen.storyboard */,
			);
			path = Storyboard;
			sourceTree = "<group>";
		};
		6B5316BA2A69492C00040AC4 /* Application */ = {
			isa = PBXGroup;
			children = (
				6B5316862A6948CA00040AC4 /* AppDelegate.swift */,
				6B5316882A6948CA00040AC4 /* SceneDelegate.swift */,
			);
			path = Application;
			sourceTree = "<group>";
		};
		6B5316BB2A6E927400040AC4 /* Extension */ = {
			isa = PBXGroup;
			children = (
				6B5316BE2A6E92A800040AC4 /* UIImageView + Extension.swift */,
			);
			path = Extension;
			sourceTree = "<group>";
		};
		6B5316C02A6FE18D00040AC4 /* Constant */ = {
			isa = PBXGroup;
			children = (
			);
			path = Constant;
			sourceTree = "<group>";
		};
		6B5316C12A71C39400040AC4 /* Utility */ = {
			isa = PBXGroup;
			children = (
				6B5316C62A77F0BF00040AC4 /* EndPointType.swift */,
			);
			path = Utility;
			sourceTree = "<group>";
		};
		6B5316C22A726C9B00040AC4 /* Screen */ = {
			isa = PBXGroup;
			children = (
				6B5316C32A726CB100040AC4 /* Pokemon */,
				6B5316C52A76873C00040AC4 /* Favorite */,
			);
			path = Screen;
			sourceTree = "<group>";
		};
		6B5316C32A726CB100040AC4 /* Pokemon */ = {
			isa = PBXGroup;
			children = (
				6B5727992A7ED0A300F81CC1 /* View */,
				6B5727982A7D3A4200F81CC1 /* ViewModel */,
				6B5316C82A7BACF500040AC4 /* Model */,
			);
			path = Pokemon;
			sourceTree = "<group>";
		};
		6B5316C42A73C9FE00040AC4 /* Helper */ = {
			isa = PBXGroup;
			children = (
			);
			path = Helper;
			sourceTree = "<group>";
		};
		6B5316C52A76873C00040AC4 /* Favorite */ = {
			isa = PBXGroup;
			children = (
				6B57279A2A813BF400F81CC1 /* Model */,
			);
			path = Favorite;
			sourceTree = "<group>";
		};
		6B5316C82A7BACF500040AC4 /* Model */ = {
			isa = PBXGroup;
			children = (
			);
			path = Model;
			sourceTree = "<group>";
		};
		6B5727982A7D3A4200F81CC1 /* ViewModel */ = {
			isa = PBXGroup;
			children = (
			);
			path = ViewModel;
			sourceTree = "<group>";
		};
		6B5727992A7ED0A300F81CC1 /* View */ = {
			isa = PBXGroup;
			children = (
			);
			path = View;
			sourceTree = "<group>";
		};
		6B57279A2A813BF400F81CC1 /* Model */ = {
			isa = PBXGroup;
			children = (
			);
			path = Model;
			sourceTree = "<group>";
		};
/* End PBXGroup section */

/* Begin PBXNativeTarget section */
		6B5316822A6948CA00040AC4 /* iPokemony */ = {
			isa = PBXNativeTarget;
			buildConfigurationList = 6B5316B02A6948CB00040AC4 /* Build configuration list for PBXNativeTarget "iPokemony" */;
			buildPhases = (
				6B53167F2A6948CA00040AC4 /* Sources */,
				6B5316802A6948CA00040AC4 /* Frameworks */,
				6B5316812A6948CA00040AC4 /* Resources */,
			);
			buildRules = (
			);
			dependencies = (
			);
			name = iPokemony;
			productName = iPokemony;
			productReference = 6B5316832A6948CA00040AC4 /* iPokemony.app */;
			productType = "com.apple.product-type.application";
		};
		6B53169B2A6948CB00040AC4 /* iPokemonyTests */ = {
			isa = PBXNativeTarget;
			buildConfigurationList = 6B5316B32A6948CB00040AC4 /* Build configuration list for PBXNativeTarget "iPokemonyTests" */;
			buildPhases = (
				6B5316982A6948CB00040AC4 /* Sources */,
				6B5316992A6948CB00040AC4 /* Frameworks */,
				6B53169A2A6948CB00040AC4 /* Resources */,
			);
			buildRules = (
			);
			dependencies = (
				6B53169E2A6948CB00040AC4 /* PBXTargetDependency */,
			);
			name = iPokemonyTests;
			productName = iPokemonyTests;
			productReference = 6B53169C2A6948CB00040AC4 /* iPokemonyTests.xctest */;
			productType = "com.apple.product-type.bundle.unit-test";
		};
		6B5316A52A6948CB00040AC4 /* iPokemonyUITests */ = {
			isa = PBXNativeTarget;
			buildConfigurationList = 6B5316B62A6948CB00040AC4 /* Build configuration list for PBXNativeTarget "iPokemonyUITests" */;
			buildPhases = (
				6B5316A22A6948CB00040AC4 /* Sources */,
				6B5316A32A6948CB00040AC4 /* Frameworks */,
				6B5316A42A6948CB00040AC4 /* Resources */,
			);
			buildRules = (
			);
			dependencies = (
				6B5316A82A6948CB00040AC4 /* PBXTargetDependency */,
			);
			name = iPokemonyUITests;
			productName = iPokemonyUITests;
			productReference = 6B5316A62A6948CB00040AC4 /* iPokemonyUITests.xctest */;
			productType = "com.apple.product-type.bundle.ui-testing";
		};
/* End PBXNativeTarget section */

/* Begin PBXProject section */
		6B53167B2A6948CA00040AC4 /* Project object */ = {
			isa = PBXProject;
			attributes = {
				BuildIndependentTargetsInParallel = 1;
				LastSwiftUpdateCheck = 1430;
				LastUpgradeCheck = 1430;
				TargetAttributes = {
					6B5316822A6948CA00040AC4 = {
						CreatedOnToolsVersion = 14.3.1;
					};
					6B53169B2A6948CB00040AC4 = {
						CreatedOnToolsVersion = 14.3.1;
						TestTargetID = 6B5316822A6948CA00040AC4;
					};
					6B5316A52A6948CB00040AC4 = {
						CreatedOnToolsVersion = 14.3.1;
						TestTargetID = 6B5316822A6948CA00040AC4;
					};
				};
			};
			buildConfigurationList = 6B53167E2A6948CA00040AC4 /* Build configuration list for PBXProject "iPokemony" */;
			compatibilityVersion = "Xcode 14.0";
			developmentRegion = en;
			hasScannedForEncodings = 0;
			knownRegions = (
				en,
				Base,
			);
			mainGroup = 6B53167A2A6948CA00040AC4;
			productRefGroup = 6B5316842A6948CA00040AC4 /* Products */;
			projectDirPath = "";
			projectRoot = "";
			targets = (
				6B5316822A6948CA00040AC4 /* iPokemony */,
				6B53169B2A6948CB00040AC4 /* iPokemonyTests */,
				6B5316A52A6948CB00040AC4 /* iPokemonyUITests */,
			);
		};
/* End PBXProject section */

/* Begin PBXResourcesBuildPhase section */
		6B5316812A6948CA00040AC4 /* Resources */ = {
			isa = PBXResourcesBuildPhase;
			buildActionMask = 2147483647;
			files = (
				6B5316962A6948CB00040AC4 /* LaunchScreen.storyboard in Resources */,
				6B5316932A6948CB00040AC4 /* Assets.xcassets in Resources */,
				6B53168E2A6948CA00040AC4 /* Main.storyboard in Resources */,
			);
			runOnlyForDeploymentPostprocessing = 0;
		};
		6B53169A2A6948CB00040AC4 /* Resources */ = {
			isa = PBXResourcesBuildPhase;
			buildActionMask = 2147483647;
			files = (
			);
			runOnlyForDeploymentPostprocessing = 0;
		};
		6B5316A42A6948CB00040AC4 /* Resources */ = {
			isa = PBXResourcesBuildPhase;
			buildActionMask = 2147483647;
			files = (
			);
			runOnlyForDeploymentPostprocessing = 0;
		};
/* End PBXResourcesBuildPhase section */

/* Begin PBXSourcesBuildPhase section */
		6B53167F2A6948CA00040AC4 /* Sources */ = {
			isa = PBXSourcesBuildPhase;
			buildActionMask = 2147483647;
			files = (
				6B5316BF2A6E92A800040AC4 /* UIImageView + Extension.swift in Sources */,
				6B53168B2A6948CA00040AC4 /* ViewController.swift in Sources */,
				6B5316C72A77F0BF00040AC4 /* EndPointType.swift in Sources */,
				6B5316912A6948CA00040AC4 /* iPokemony.xcdatamodeld in Sources */,
				6B5316872A6948CA00040AC4 /* AppDelegate.swift in Sources */,
				6B5316892A6948CA00040AC4 /* SceneDelegate.swift in Sources */,
			);
			runOnlyForDeploymentPostprocessing = 0;
		};
		6B5316982A6948CB00040AC4 /* Sources */ = {
			isa = PBXSourcesBuildPhase;
			buildActionMask = 2147483647;
			files = (
				6B5316A12A6948CB00040AC4 /* iPokemonyTests.swift in Sources */,
			);
			runOnlyForDeploymentPostprocessing = 0;
		};
		6B5316A22A6948CB00040AC4 /* Sources */ = {
			isa = PBXSourcesBuildPhase;
			buildActionMask = 2147483647;
			files = (
				6B5316AD2A6948CB00040AC4 /* iPokemonyUITestsLaunchTests.swift in Sources */,
				6B5316AB2A6948CB00040AC4 /* iPokemonyUITests.swift in Sources */,
			);
			runOnlyForDeploymentPostprocessing = 0;
		};
/* End PBXSourcesBuildPhase section */

/* Begin PBXTargetDependency section */
		6B53169E2A6948CB00040AC4 /* PBXTargetDependency */ = {
			isa = PBXTargetDependency;
			target = 6B5316822A6948CA00040AC4 /* iPokemony */;
			targetProxy = 6B53169D2A6948CB00040AC4 /* PBXContainerItemProxy */;
		};
		6B5316A82A6948CB00040AC4 /* PBXTargetDependency */ = {
			isa = PBXTargetDependency;
			target = 6B5316822A6948CA00040AC4 /* iPokemony */;
			targetProxy = 6B5316A72A6948CB00040AC4 /* PBXContainerItemProxy */;
		};
/* End PBXTargetDependency section */

/* Begin PBXVariantGroup section */
		6B53168C2A6948CA00040AC4 /* Main.storyboard */ = {
			isa = PBXVariantGroup;
			children = (
				6B53168D2A6948CA00040AC4 /* Base */,
			);
			name = Main.storyboard;
			sourceTree = "<group>";
		};
		6B5316942A6948CB00040AC4 /* LaunchScreen.storyboard */ = {
			isa = PBXVariantGroup;
			children = (
				6B5316952A6948CB00040AC4 /* Base */,
			);
			name = LaunchScreen.storyboard;
			sourceTree = "<group>";
		};
/* End PBXVariantGroup section */

/* Begin XCBuildConfiguration section */
		6B5316AE2A6948CB00040AC4 /* Debug */ = {
			isa = XCBuildConfiguration;
			buildSettings = {
				ALWAYS_SEARCH_USER_PATHS = NO;
				CLANG_ANALYZER_NONNULL = YES;
				CLANG_ANALYZER_NUMBER_OBJECT_CONVERSION = YES_AGGRESSIVE;
				CLANG_CXX_LANGUAGE_STANDARD = "gnu++20";
				CLANG_ENABLE_MODULES = YES;
				CLANG_ENABLE_OBJC_ARC = YES;
				CLANG_ENABLE_OBJC_WEAK = YES;
				CLANG_WARN_BLOCK_CAPTURE_AUTORELEASING = YES;
				CLANG_WARN_BOOL_CONVERSION = YES;
				CLANG_WARN_COMMA = YES;
				CLANG_WARN_CONSTANT_CONVERSION = YES;
				CLANG_WARN_DEPRECATED_OBJC_IMPLEMENTATIONS = YES;
				CLANG_WARN_DIRECT_OBJC_ISA_USAGE = YES_ERROR;
				CLANG_WARN_DOCUMENTATION_COMMENTS = YES;
				CLANG_WARN_EMPTY_BODY = YES;
				CLANG_WARN_ENUM_CONVERSION = YES;
				CLANG_WARN_INFINITE_RECURSION = YES;
				CLANG_WARN_INT_CONVERSION = YES;
				CLANG_WARN_NON_LITERAL_NULL_CONVERSION = YES;
				CLANG_WARN_OBJC_IMPLICIT_RETAIN_SELF = YES;
				CLANG_WARN_OBJC_LITERAL_CONVERSION = YES;
				CLANG_WARN_OBJC_ROOT_CLASS = YES_ERROR;
				CLANG_WARN_QUOTED_INCLUDE_IN_FRAMEWORK_HEADER = YES;
				CLANG_WARN_RANGE_LOOP_ANALYSIS = YES;
				CLANG_WARN_STRICT_PROTOTYPES = YES;
				CLANG_WARN_SUSPICIOUS_MOVE = YES;
				CLANG_WARN_UNGUARDED_AVAILABILITY = YES_AGGRESSIVE;
				CLANG_WARN_UNREACHABLE_CODE = YES;
				CLANG_WARN__DUPLICATE_METHOD_MATCH = YES;
				COPY_PHASE_STRIP = NO;
				DEBUG_INFORMATION_FORMAT = dwarf;
				ENABLE_STRICT_OBJC_MSGSEND = YES;
				ENABLE_TESTABILITY = YES;
				GCC_C_LANGUAGE_STANDARD = gnu11;
				GCC_DYNAMIC_NO_PIC = NO;
				GCC_NO_COMMON_BLOCKS = YES;
				GCC_OPTIMIZATION_LEVEL = 0;
				GCC_PREPROCESSOR_DEFINITIONS = (
					"DEBUG=1",
					"$(inherited)",
				);
				GCC_WARN_64_TO_32_BIT_CONVERSION = YES;
				GCC_WARN_ABOUT_RETURN_TYPE = YES_ERROR;
				GCC_WARN_UNDECLARED_SELECTOR = YES;
				GCC_WARN_UNINITIALIZED_AUTOS = YES_AGGRESSIVE;
				GCC_WARN_UNUSED_FUNCTION = YES;
				GCC_WARN_UNUSED_VARIABLE = YES;
				IPHONEOS_DEPLOYMENT_TARGET = 16.4;
				MTL_ENABLE_DEBUG_INFO = INCLUDE_SOURCE;
				MTL_FAST_MATH = YES;
				ONLY_ACTIVE_ARCH = YES;
				SDKROOT = iphoneos;
				SWIFT_ACTIVE_COMPILATION_CONDITIONS = DEBUG;
				SWIFT_OPTIMIZATION_LEVEL = "-Onone";
			};
			name = Debug;
		};
		6B5316AF2A6948CB00040AC4 /* Release */ = {
			isa = XCBuildConfiguration;
			buildSettings = {
				ALWAYS_SEARCH_USER_PATHS = NO;
				CLANG_ANALYZER_NONNULL = YES;
				CLANG_ANALYZER_NUMBER_OBJECT_CONVERSION = YES_AGGRESSIVE;
				CLANG_CXX_LANGUAGE_STANDARD = "gnu++20";
				CLANG_ENABLE_MODULES = YES;
				CLANG_ENABLE_OBJC_ARC = YES;
				CLANG_ENABLE_OBJC_WEAK = YES;
				CLANG_WARN_BLOCK_CAPTURE_AUTORELEASING = YES;
				CLANG_WARN_BOOL_CONVERSION = YES;
				CLANG_WARN_COMMA = YES;
				CLANG_WARN_CONSTANT_CONVERSION = YES;
				CLANG_WARN_DEPRECATED_OBJC_IMPLEMENTATIONS = YES;
				CLANG_WARN_DIRECT_OBJC_ISA_USAGE = YES_ERROR;
				CLANG_WARN_DOCUMENTATION_COMMENTS = YES;
				CLANG_WARN_EMPTY_BODY = YES;
				CLANG_WARN_ENUM_CONVERSION = YES;
				CLANG_WARN_INFINITE_RECURSION = YES;
				CLANG_WARN_INT_CONVERSION = YES;
				CLANG_WARN_NON_LITERAL_NULL_CONVERSION = YES;
				CLANG_WARN_OBJC_IMPLICIT_RETAIN_SELF = YES;
				CLANG_WARN_OBJC_LITERAL_CONVERSION = YES;
				CLANG_WARN_OBJC_ROOT_CLASS = YES_ERROR;
				CLANG_WARN_QUOTED_INCLUDE_IN_FRAMEWORK_HEADER = YES;
				CLANG_WARN_RANGE_LOOP_ANALYSIS = YES;
				CLANG_WARN_STRICT_PROTOTYPES = YES;
				CLANG_WARN_SUSPICIOUS_MOVE = YES;
				CLANG_WARN_UNGUARDED_AVAILABILITY = YES_AGGRESSIVE;
				CLANG_WARN_UNREACHABLE_CODE = YES;
				CLANG_WARN__DUPLICATE_METHOD_MATCH = YES;
				COPY_PHASE_STRIP = NO;
				DEBUG_INFORMATION_FORMAT = "dwarf-with-dsym";
				ENABLE_NS_ASSERTIONS = NO;
				ENABLE_STRICT_OBJC_MSGSEND = YES;
				GCC_C_LANGUAGE_STANDARD = gnu11;
				GCC_NO_COMMON_BLOCKS = YES;
				GCC_WARN_64_TO_32_BIT_CONVERSION = YES;
				GCC_WARN_ABOUT_RETURN_TYPE = YES_ERROR;
				GCC_WARN_UNDECLARED_SELECTOR = YES;
				GCC_WARN_UNINITIALIZED_AUTOS = YES_AGGRESSIVE;
				GCC_WARN_UNUSED_FUNCTION = YES;
				GCC_WARN_UNUSED_VARIABLE = YES;
				IPHONEOS_DEPLOYMENT_TARGET = 16.4;
				MTL_ENABLE_DEBUG_INFO = NO;
				MTL_FAST_MATH = YES;
				SDKROOT = iphoneos;
				SWIFT_COMPILATION_MODE = wholemodule;
				SWIFT_OPTIMIZATION_LEVEL = "-O";
				VALIDATE_PRODUCT = YES;
			};
			name = Release;
		};
		6B5316B12A6948CB00040AC4 /* Debug */ = {
			isa = XCBuildConfiguration;
			buildSettings = {
				ASSETCATALOG_COMPILER_APPICON_NAME = AppIcon;
				ASSETCATALOG_COMPILER_GLOBAL_ACCENT_COLOR_NAME = AccentColor;
				CODE_SIGN_STYLE = Automatic;
				CURRENT_PROJECT_VERSION = 1;
				DEVELOPMENT_TEAM = RQQ325J47J;
				GENERATE_INFOPLIST_FILE = YES;
				INFOPLIST_FILE = iPokemony/Info.plist;
				INFOPLIST_KEY_UIApplicationSupportsIndirectInputEvents = YES;
				INFOPLIST_KEY_UILaunchStoryboardName = LaunchScreen;
				INFOPLIST_KEY_UIMainStoryboardFile = Main;
				INFOPLIST_KEY_UISupportedInterfaceOrientations_iPad = "UIInterfaceOrientationPortrait UIInterfaceOrientationPortraitUpsideDown UIInterfaceOrientationLandscapeLeft UIInterfaceOrientationLandscapeRight";
				INFOPLIST_KEY_UISupportedInterfaceOrientations_iPhone = "UIInterfaceOrientationPortrait UIInterfaceOrientationLandscapeLeft UIInterfaceOrientationLandscapeRight";
				LD_RUNPATH_SEARCH_PATHS = (
					"$(inherited)",
					"@executable_path/Frameworks",
				);
				MARKETING_VERSION = 1.0;
				PRODUCT_BUNDLE_IDENTIFIER = com.mommosadeghi.iPokemony;
				PRODUCT_NAME = "$(TARGET_NAME)";
				SWIFT_EMIT_LOC_STRINGS = YES;
				SWIFT_VERSION = 5.0;
				TARGETED_DEVICE_FAMILY = "1,2";
			};
			name = Debug;
		};
		6B5316B22A6948CB00040AC4 /* Release */ = {
			isa = XCBuildConfiguration;
			buildSettings = {
				ASSETCATALOG_COMPILER_APPICON_NAME = AppIcon;
				ASSETCATALOG_COMPILER_GLOBAL_ACCENT_COLOR_NAME = AccentColor;
				CODE_SIGN_STYLE = Automatic;
				CURRENT_PROJECT_VERSION = 1;
				DEVELOPMENT_TEAM = RQQ325J47J;
				GENERATE_INFOPLIST_FILE = YES;
				INFOPLIST_FILE = iPokemony/Info.plist;
				INFOPLIST_KEY_UIApplicationSupportsIndirectInputEvents = YES;
				INFOPLIST_KEY_UILaunchStoryboardName = LaunchScreen;
				INFOPLIST_KEY_UIMainStoryboardFile = Main;
				INFOPLIST_KEY_UISupportedInterfaceOrientations_iPad = "UIInterfaceOrientationPortrait UIInterfaceOrientationPortraitUpsideDown UIInterfaceOrientationLandscapeLeft UIInterfaceOrientationLandscapeRight";
				INFOPLIST_KEY_UISupportedInterfaceOrientations_iPhone = "UIInterfaceOrientationPortrait UIInterfaceOrientationLandscapeLeft UIInterfaceOrientationLandscapeRight";
				LD_RUNPATH_SEARCH_PATHS = (
					"$(inherited)",
					"@executable_path/Frameworks",
				);
				MARKETING_VERSION = 1.0;
				PRODUCT_BUNDLE_IDENTIFIER = com.mommosadeghi.iPokemony;
				PRODUCT_NAME = "$(TARGET_NAME)";
				SWIFT_EMIT_LOC_STRINGS = YES;
				SWIFT_VERSION = 5.0;
				TARGETED_DEVICE_FAMILY = "1,2";
			};
			name = Release;
		};
		6B5316B42A6948CB00040AC4 /* Debug */ = {
			isa = XCBuildConfiguration;
			buildSettings = {
				ALWAYS_EMBED_SWIFT_STANDARD_LIBRARIES = YES;
				BUNDLE_LOADER = "$(TEST_HOST)";
				CODE_SIGN_STYLE = Automatic;
				CURRENT_PROJECT_VERSION = 1;
				DEVELOPMENT_TEAM = RQQ325J47J;
				GENERATE_INFOPLIST_FILE = YES;
				IPHONEOS_DEPLOYMENT_TARGET = 16.4;
				MARKETING_VERSION = 1.0;
				PRODUCT_BUNDLE_IDENTIFIER = com.mommosadeghi.iPokemonyTests;
				PRODUCT_NAME = "$(TARGET_NAME)";
				SWIFT_EMIT_LOC_STRINGS = NO;
				SWIFT_VERSION = 5.0;
				TARGETED_DEVICE_FAMILY = "1,2";
				TEST_HOST = "$(BUILT_PRODUCTS_DIR)/iPokemony.app/$(BUNDLE_EXECUTABLE_FOLDER_PATH)/iPokemony";
			};
			name = Debug;
		};
		6B5316B52A6948CB00040AC4 /* Release */ = {
			isa = XCBuildConfiguration;
			buildSettings = {
				ALWAYS_EMBED_SWIFT_STANDARD_LIBRARIES = YES;
				BUNDLE_LOADER = "$(TEST_HOST)";
				CODE_SIGN_STYLE = Automatic;
				CURRENT_PROJECT_VERSION = 1;
				DEVELOPMENT_TEAM = RQQ325J47J;
				GENERATE_INFOPLIST_FILE = YES;
				IPHONEOS_DEPLOYMENT_TARGET = 16.4;
				MARKETING_VERSION = 1.0;
				PRODUCT_BUNDLE_IDENTIFIER = com.mommosadeghi.iPokemonyTests;
				PRODUCT_NAME = "$(TARGET_NAME)";
				SWIFT_EMIT_LOC_STRINGS = NO;
				SWIFT_VERSION = 5.0;
				TARGETED_DEVICE_FAMILY = "1,2";
				TEST_HOST = "$(BUILT_PRODUCTS_DIR)/iPokemony.app/$(BUNDLE_EXECUTABLE_FOLDER_PATH)/iPokemony";
			};
			name = Release;
		};
		6B5316B72A6948CB00040AC4 /* Debug */ = {
			isa = XCBuildConfiguration;
			buildSettings = {
				ALWAYS_EMBED_SWIFT_STANDARD_LIBRARIES = YES;
				CODE_SIGN_STYLE = Automatic;
				CURRENT_PROJECT_VERSION = 1;
				DEVELOPMENT_TEAM = RQQ325J47J;
				GENERATE_INFOPLIST_FILE = YES;
				MARKETING_VERSION = 1.0;
				PRODUCT_BUNDLE_IDENTIFIER = com.mommosadeghi.iPokemonyUITests;
				PRODUCT_NAME = "$(TARGET_NAME)";
				SWIFT_EMIT_LOC_STRINGS = NO;
				SWIFT_VERSION = 5.0;
				TARGETED_DEVICE_FAMILY = "1,2";
				TEST_TARGET_NAME = iPokemony;
			};
			name = Debug;
		};
		6B5316B82A6948CB00040AC4 /* Release */ = {
			isa = XCBuildConfiguration;
			buildSettings = {
				ALWAYS_EMBED_SWIFT_STANDARD_LIBRARIES = YES;
				CODE_SIGN_STYLE = Automatic;
				CURRENT_PROJECT_VERSION = 1;
				DEVELOPMENT_TEAM = RQQ325J47J;
				GENERATE_INFOPLIST_FILE = YES;
				MARKETING_VERSION = 1.0;
				PRODUCT_BUNDLE_IDENTIFIER = com.mommosadeghi.iPokemonyUITests;
				PRODUCT_NAME = "$(TARGET_NAME)";
				SWIFT_EMIT_LOC_STRINGS = NO;
				SWIFT_VERSION = 5.0;
				TARGETED_DEVICE_FAMILY = "1,2";
				TEST_TARGET_NAME = iPokemony;
			};
			name = Release;
		};
/* End XCBuildConfiguration section */

/* Begin XCConfigurationList section */
		6B53167E2A6948CA00040AC4 /* Build configuration list for PBXProject "iPokemony" */ = {
			isa = XCConfigurationList;
			buildConfigurations = (
				6B5316AE2A6948CB00040AC4 /* Debug */,
				6B5316AF2A6948CB00040AC4 /* Release */,
			);
			defaultConfigurationIsVisible = 0;
			defaultConfigurationName = Release;
		};
		6B5316B02A6948CB00040AC4 /* Build configuration list for PBXNativeTarget "iPokemony" */ = {
			isa = XCConfigurationList;
			buildConfigurations = (
				6B5316B12A6948CB00040AC4 /* Debug */,
				6B5316B22A6948CB00040AC4 /* Release */,
			);
			defaultConfigurationIsVisible = 0;
			defaultConfigurationName = Release;
		};
		6B5316B32A6948CB00040AC4 /* Build configuration list for PBXNativeTarget "iPokemonyTests" */ = {
			isa = XCConfigurationList;
			buildConfigurations = (
				6B5316B42A6948CB00040AC4 /* Debug */,
				6B5316B52A6948CB00040AC4 /* Release */,
			);
			defaultConfigurationIsVisible = 0;
			defaultConfigurationName = Release;
		};
		6B5316B62A6948CB00040AC4 /* Build configuration list for PBXNativeTarget "iPokemonyUITests" */ = {
			isa = XCConfigurationList;
			buildConfigurations = (
				6B5316B72A6948CB00040AC4 /* Debug */,
				6B5316B82A6948CB00040AC4 /* Release */,
			);
			defaultConfigurationIsVisible = 0;
			defaultConfigurationName = Release;
		};
/* End XCConfigurationList section */

/* Begin XCVersionGroup section */
		6B53168F2A6948CA00040AC4 /* iPokemony.xcdatamodeld */ = {
			isa = XCVersionGroup;
			children = (
				6B5316902A6948CA00040AC4 /* iPokemony.xcdatamodel */,
			);
			currentVersion = 6B5316902A6948CA00040AC4 /* iPokemony.xcdatamodel */;
			path = iPokemony.xcdatamodeld;
			sourceTree = "<group>";
			versionGroupType = wrapper.xcdatamodel;
		};
/* End XCVersionGroup section */
	};
	rootObject = 6B53167B2A6948CA00040AC4 /* Project object */;
}
